Microsoft Visual Studio Solution File, Format Version 11.00
# Visual Studio 2008

Project("{CC4EC716-0980-EE23-E65B-9E8A331DC97E}") = "Unity-2D-BalanceRacing-Project", "Assembly-CSharp.csproj", "{7F45ABE3-A1E8-2BED-7A50-97EAA667D828}"
EndProject
Global
	GlobalSection(SolutionConfigurationPlatforms) = preSolution
		Debug|Any CPU = Debug|Any CPU
		Release|Any CPU = Release|Any CPU
	EndGlobalSection
	GlobalSection(ProjectConfigurationPlatforms) = postSolution
		{7F45ABE3-A1E8-2BED-7A50-97EAA667D828}.Debug|Any CPU.ActiveCfg = Debug|Any CPU
		{7F45ABE3-A1E8-2BED-7A50-97EAA667D828}.Debug|Any CPU.Build.0 = Debug|Any CPU
		{7F45ABE3-A1E8-2BED-7A50-97EAA667D828}.Release|Any CPU.ActiveCfg = Release|Any CPU
		{7F45ABE3-A1E8-2BED-7A50-97EAA667D828}.Release|Any CPU.Build.0 = Release|Any CPU
	EndGlobalSection
	GlobalSection(SolutionProperties) = preSolution
		HideSolutionNode = FALSE
	EndGlobalSection
	GlobalSection(MonoDevelopProperties) = preSolution
		StartupItem = Assembly-CSharp.csproj
	EndGlobalSection
EndGlobal
